
Microsoft Visual Studio Solution File, Format Version 12.00
# Visual Studio Version 16
VisualStudioVersion = 16.0.33423.256
MinimumVisualStudioVersion = 10.0.40219.1
Project("{FAE04EC0-301F-11D3-BF4B-00C04F79EFBC}") = "SampleAppInsertUpdate", "SampleAppInsertUpdate.csproj", "{6BC3520F-815F-4433-99DD-11A68047255C}"
EndProject
Global
	GlobalSection(SolutionConfigurationPlatforms) = preSolution
		Debug|Any CPU = Debug|Any CPU
		Release|Any CPU = Release|Any CPU
	EndGlobalSection
	GlobalSection(ProjectConfigurationPlatforms) = postSolution
		{6BC3520F-815F-4433-99DD-11A68047255C}.Debug|Any CPU.ActiveCfg = Debug|Any CPU
		{6BC3520F-815F-4433-99DD-11A68047255C}.Debug|Any CPU.Build.0 = Debug|Any CPU
		{6BC3520F-815F-4433-99DD-11A68047255C}.Release|Any CPU.ActiveCfg = Release|Any CPU
		{6BC3520F-815F-4433-99DD-11A68047255C}.Release|Any CPU.Build.0 = Release|Any CPU
	EndGlobalSection
	GlobalSection(SolutionProperties) = preSolution
		HideSolutionNode = FALSE
	EndGlobalSection
	GlobalSection(ExtensibilityGlobals) = postSolution
		SolutionGuid = {36A78140-E1DB-44EB-8B6C-A1533120CEF1}
	EndGlobalSection
EndGlobal
